{
  "name": "influxservice",
  "version": "1.0.0",
  "lockfileVersion": 3,
  "requires": true,
  "packages": {
    "": {
      "name": "influxservice",
      "version": "1.0.0",
      "license": "ISC",
      "dependencies": {
        "@influxdata/influxdb-client": "^1.33.2",
        "@influxdata/influxdb-client-apis": "^1.33.2"
      },
      "devDependencies": {
        "@types/node": "^20.2.5"
      }
    },
    "node_modules/@influxdata/influxdb-client": {
      "version": "1.33.2",
      "resolved": "https://registry.npmjs.org/@influxdata/influxdb-client/-/influxdb-client-1.33.2.tgz",
      "integrity": "sha512-RT5SxH+grHAazo/YK3UTuWK/frPWRM0N7vkrCUyqVprDgQzlLP+bSK4ak2Jv3QVF/pazTnsxWjvtKZdwskV5Xw=="
    },
    "node_modules/@influxdata/influxdb-client-apis": {
      "version": "1.33.2",
      "resolved": "https://registry.npmjs.org/@influxdata/influxdb-client-apis/-/influxdb-client-apis-1.33.2.tgz",
      "integrity": "sha512-W6x9TOAQ3AUx0RBCrCibDhSvMqN50lxJmElc3rHn7+R/9Zi35oczu8r9YMkyNlzWnksu+dcyKr8/xLv28Ot4hw==",
      "peerDependencies": {
        "@influxdata/influxdb-client": "*"
      }
    },
    "node_modules/@types/node": {
      "version": "20.2.5",
      "resolved": "https://registry.npmjs.org/@types/node/-/node-20.2.5.tgz",
      "integrity": "sha512-JJulVEQXmiY9Px5axXHeYGLSjhkZEnD+MDPDGbCbIAbMslkKwmygtZFy1X6s/075Yo94sf8GuSlFfPzysQrWZQ==",
      "dev": true
    }
  }
}
